
Microsoft Visual Studio Solution File, Format Version 12.00
# Visual Studio Version 17
VisualStudioVersion = 17.14.36127.28 d17.14
MinimumVisualStudioVersion = 10.0.40219.1
Project("{54A90642-561A-4BB1-A94E-469ADEE60C69}") = "backend", "backend.esproj", "{806BB530-083C-6AF0-F501-A91C5C70FE20}"
EndProject
Global
	GlobalSection(SolutionConfigurationPlatforms) = preSolution
		Debug|Any CPU = Debug|Any CPU
		Release|Any CPU = Release|Any CPU
	EndGlobalSection
	GlobalSection(ProjectConfigurationPlatforms) = postSolution
		{806BB530-083C-6AF0-F501-A91C5C70FE20}.Debug|Any CPU.ActiveCfg = Debug|Any CPU
		{806BB530-083C-6AF0-F501-A91C5C70FE20}.Debug|Any CPU.Build.0 = Debug|Any CPU
		{806BB530-083C-6AF0-F501-A91C5C70FE20}.Debug|Any CPU.Deploy.0 = Debug|Any CPU
		{806BB530-083C-6AF0-F501-A91C5C70FE20}.Release|Any CPU.ActiveCfg = Release|Any CPU
		{806BB530-083C-6AF0-F501-A91C5C70FE20}.Release|Any CPU.Build.0 = Release|Any CPU
		{806BB530-083C-6AF0-F501-A91C5C70FE20}.Release|Any CPU.Deploy.0 = Release|Any CPU
	EndGlobalSection
	GlobalSection(SolutionProperties) = preSolution
		HideSolutionNode = FALSE
	EndGlobalSection
	GlobalSection(ExtensibilityGlobals) = postSolution
		SolutionGuid = {C7F66199-1BB1-465E-B5BD-CC4ED2B2F94A}
	EndGlobalSection
EndGlobal
